
Microsoft Visual Studio Solution File, Format Version 12.00
# Visual Studio Version 17
VisualStudioVersion = 17.13.35806.99 d17.13
MinimumVisualStudioVersion = 10.0.40219.1
Project("{FAE04EC0-301F-11D3-BF4B-00C04F79EFBC}") = "Eterna", "Eterna\Eterna.csproj", "{7E699F98-C03E-41B8-BB12-47D81EABF631}"
EndProject
Global
	GlobalSection(SolutionConfigurationPlatforms) = preSolution
		Debug|Any CPU = Debug|Any CPU
		Release|Any CPU = Release|Any CPU
	EndGlobalSection
	GlobalSection(ProjectConfigurationPlatforms) = postSolution
		{7E699F98-C03E-41B8-BB12-47D81EABF631}.Debug|Any CPU.ActiveCfg = Debug|Any CPU
		{7E699F98-C03E-41B8-BB12-47D81EABF631}.Debug|Any CPU.Build.0 = Debug|Any CPU
		{7E699F98-C03E-41B8-BB12-47D81EABF631}.Release|Any CPU.ActiveCfg = Release|Any CPU
		{7E699F98-C03E-41B8-BB12-47D81EABF631}.Release|Any CPU.Build.0 = Release|Any CPU
	EndGlobalSection
	GlobalSection(SolutionProperties) = preSolution
		HideSolutionNode = FALSE
	EndGlobalSection
	GlobalSection(ExtensibilityGlobals) = postSolution
		SolutionGuid = {F1508A73-6CB5-4D18-9FC2-FD4D39DD0EE1}
	EndGlobalSection
EndGlobal
